
Microsoft Visual Studio Solution File, Format Version 12.00
# Visual Studio Version 16
VisualStudioVersion = 16.0.30114.105
MinimumVisualStudioVersion = 10.0.40219.1
Project("{FAE04EC0-301F-11D3-BF4B-00C04F79EFBC}") = "Student", "Student\Student.csproj", "{0DF7CD4C-4C55-47BC-98A2-F0B4D38A4DAA}"
EndProject
Project("{FAE04EC0-301F-11D3-BF4B-00C04F79EFBC}") = "Student.Tests", "Student.Tests\Student.Tests.csproj", "{10E4DE77-34DB-4904-AEC8-FD548F994A57}"
EndProject
Global
	GlobalSection(SolutionConfigurationPlatforms) = preSolution
		Debug|Any CPU = Debug|Any CPU
		Debug|x64 = Debug|x64
		Debug|x86 = Debug|x86
		Release|Any CPU = Release|Any CPU
		Release|x64 = Release|x64
		Release|x86 = Release|x86
	EndGlobalSection
	GlobalSection(SolutionProperties) = preSolution
		HideSolutionNode = FALSE
	EndGlobalSection
	GlobalSection(ProjectConfigurationPlatforms) = postSolution
		{0DF7CD4C-4C55-47BC-98A2-F0B4D38A4DAA}.Debug|Any CPU.ActiveCfg = Debug|Any CPU
		{0DF7CD4C-4C55-47BC-98A2-F0B4D38A4DAA}.Debug|Any CPU.Build.0 = Debug|Any CPU
		{0DF7CD4C-4C55-47BC-98A2-F0B4D38A4DAA}.Debug|x64.ActiveCfg = Debug|Any CPU
		{0DF7CD4C-4C55-47BC-98A2-F0B4D38A4DAA}.Debug|x64.Build.0 = Debug|Any CPU
		{0DF7CD4C-4C55-47BC-98A2-F0B4D38A4DAA}.Debug|x86.ActiveCfg = Debug|Any CPU
		{0DF7CD4C-4C55-47BC-98A2-F0B4D38A4DAA}.Debug|x86.Build.0 = Debug|Any CPU
		{0DF7CD4C-4C55-47BC-98A2-F0B4D38A4DAA}.Release|Any CPU.ActiveCfg = Release|Any CPU
		{0DF7CD4C-4C55-47BC-98A2-F0B4D38A4DAA}.Release|Any CPU.Build.0 = Release|Any CPU
		{0DF7CD4C-4C55-47BC-98A2-F0B4D38A4DAA}.Release|x64.ActiveCfg = Release|Any CPU
		{0DF7CD4C-4C55-47BC-98A2-F0B4D38A4DAA}.Release|x64.Build.0 = Release|Any CPU
		{0DF7CD4C-4C55-47BC-98A2-F0B4D38A4DAA}.Release|x86.ActiveCfg = Release|Any CPU
		{0DF7CD4C-4C55-47BC-98A2-F0B4D38A4DAA}.Release|x86.Build.0 = Release|Any CPU
		{10E4DE77-34DB-4904-AEC8-FD548F994A57}.Debug|Any CPU.ActiveCfg = Debug|Any CPU
		{10E4DE77-34DB-4904-AEC8-FD548F994A57}.Debug|Any CPU.Build.0 = Debug|Any CPU
		{10E4DE77-34DB-4904-AEC8-FD548F994A57}.Debug|x64.ActiveCfg = Debug|Any CPU
		{10E4DE77-34DB-4904-AEC8-FD548F994A57}.Debug|x64.Build.0 = Debug|Any CPU
		{10E4DE77-34DB-4904-AEC8-FD548F994A57}.Debug|x86.ActiveCfg = Debug|Any CPU
		{10E4DE77-34DB-4904-AEC8-FD548F994A57}.Debug|x86.Build.0 = Debug|Any CPU
		{10E4DE77-34DB-4904-AEC8-FD548F994A57}.Release|Any CPU.ActiveCfg = Release|Any CPU
		{10E4DE77-34DB-4904-AEC8-FD548F994A57}.Release|Any CPU.Build.0 = Release|Any CPU
		{10E4DE77-34DB-4904-AEC8-FD548F994A57}.Release|x64.ActiveCfg = Release|Any CPU
		{10E4DE77-34DB-4904-AEC8-FD548F994A57}.Release|x64.Build.0 = Release|Any CPU
		{10E4DE77-34DB-4904-AEC8-FD548F994A57}.Release|x86.ActiveCfg = Release|Any CPU
		{10E4DE77-34DB-4904-AEC8-FD548F994A57}.Release|x86.Build.0 = Release|Any CPU
	EndGlobalSection
EndGlobal
