
Microsoft Visual Studio Solution File, Format Version 12.00
# Visual Studio Version 16
VisualStudioVersion = 16.0.30114.105
MinimumVisualStudioVersion = 10.0.40219.1
Project("{FAE04EC0-301F-11D3-BF4B-00C04F79EFBC}") = "StudentLibrary", "StudentLibrary\StudentLibrary.csproj", "{96353535-1D37-4172-9BCC-27615A3F9624}"
EndProject
Project("{FAE04EC0-301F-11D3-BF4B-00C04F79EFBC}") = "StudentLibrary.Tests", "StudentLibrary.Tests\StudentLibrary.Tests.csproj", "{CFADE1CC-EF7E-46ED-B5DD-F41C842C8A64}"
EndProject
Global
	GlobalSection(SolutionConfigurationPlatforms) = preSolution
		Debug|Any CPU = Debug|Any CPU
		Debug|x64 = Debug|x64
		Debug|x86 = Debug|x86
		Release|Any CPU = Release|Any CPU
		Release|x64 = Release|x64
		Release|x86 = Release|x86
	EndGlobalSection
	GlobalSection(SolutionProperties) = preSolution
		HideSolutionNode = FALSE
	EndGlobalSection
	GlobalSection(ProjectConfigurationPlatforms) = postSolution
		{96353535-1D37-4172-9BCC-27615A3F9624}.Debug|Any CPU.ActiveCfg = Debug|Any CPU
		{96353535-1D37-4172-9BCC-27615A3F9624}.Debug|Any CPU.Build.0 = Debug|Any CPU
		{96353535-1D37-4172-9BCC-27615A3F9624}.Debug|x64.ActiveCfg = Debug|Any CPU
		{96353535-1D37-4172-9BCC-27615A3F9624}.Debug|x64.Build.0 = Debug|Any CPU
		{96353535-1D37-4172-9BCC-27615A3F9624}.Debug|x86.ActiveCfg = Debug|Any CPU
		{96353535-1D37-4172-9BCC-27615A3F9624}.Debug|x86.Build.0 = Debug|Any CPU
		{96353535-1D37-4172-9BCC-27615A3F9624}.Release|Any CPU.ActiveCfg = Release|Any CPU
		{96353535-1D37-4172-9BCC-27615A3F9624}.Release|Any CPU.Build.0 = Release|Any CPU
		{96353535-1D37-4172-9BCC-27615A3F9624}.Release|x64.ActiveCfg = Release|Any CPU
		{96353535-1D37-4172-9BCC-27615A3F9624}.Release|x64.Build.0 = Release|Any CPU
		{96353535-1D37-4172-9BCC-27615A3F9624}.Release|x86.ActiveCfg = Release|Any CPU
		{96353535-1D37-4172-9BCC-27615A3F9624}.Release|x86.Build.0 = Release|Any CPU
		{CFADE1CC-EF7E-46ED-B5DD-F41C842C8A64}.Debug|Any CPU.ActiveCfg = Debug|Any CPU
		{CFADE1CC-EF7E-46ED-B5DD-F41C842C8A64}.Debug|Any CPU.Build.0 = Debug|Any CPU
		{CFADE1CC-EF7E-46ED-B5DD-F41C842C8A64}.Debug|x64.ActiveCfg = Debug|Any CPU
		{CFADE1CC-EF7E-46ED-B5DD-F41C842C8A64}.Debug|x64.Build.0 = Debug|Any CPU
		{CFADE1CC-EF7E-46ED-B5DD-F41C842C8A64}.Debug|x86.ActiveCfg = Debug|Any CPU
		{CFADE1CC-EF7E-46ED-B5DD-F41C842C8A64}.Debug|x86.Build.0 = Debug|Any CPU
		{CFADE1CC-EF7E-46ED-B5DD-F41C842C8A64}.Release|Any CPU.ActiveCfg = Release|Any CPU
		{CFADE1CC-EF7E-46ED-B5DD-F41C842C8A64}.Release|Any CPU.Build.0 = Release|Any CPU
		{CFADE1CC-EF7E-46ED-B5DD-F41C842C8A64}.Release|x64.ActiveCfg = Release|Any CPU
		{CFADE1CC-EF7E-46ED-B5DD-F41C842C8A64}.Release|x64.Build.0 = Release|Any CPU
		{CFADE1CC-EF7E-46ED-B5DD-F41C842C8A64}.Release|x86.ActiveCfg = Release|Any CPU
		{CFADE1CC-EF7E-46ED-B5DD-F41C842C8A64}.Release|x86.Build.0 = Release|Any CPU
	EndGlobalSection
EndGlobal
